PODS:
  - RZTransitions (1.2.1)
  - SDWebImage (4.1.0):
    - SDWebImage/Core (= 4.1.0)
  - SDWebImage/Core (4.1.0)

DEPENDENCIES:
  - RZTransitions (from `https://github.com/austinzmchen/RZTransitions.git`, branch `release/ACCustomUI_1.1.4`)
  - SDWebImage

EXTERNAL SOURCES:
  RZTransitions:
    :branch: release/ACCustomUI_1.1.4
    :git: https://github.com/austinzmchen/RZTransitions.git

CHECKOUT OPTIONS:
  RZTransitions:
    :commit: e1fd2cdfd32b707952bef0e7c9fa22984b149f52
    :git: https://github.com/austinzmchen/RZTransitions.git

SPEC CHECKSUMS:
  RZTransitions: 0e0013fda6989ee84dc5e44dca79fd539e1a975a
  SDWebImage: 0e435c14e402a6730315a0fb79f95e68654d55a4

PODFILE CHECKSUM: d9e57f229782bb2104c44a39804f830b21a75f01

COCOAPODS: 1.2.1
